
Microsoft Visual Studio Solution File, Format Version 12.00
# Visual Studio 15
VisualStudioVersion = 15.0.27703.2018
MinimumVisualStudioVersion = 10.0.40219.1
Project("{FAE04EC0-301F-11D3-BF4B-00C04F79EFBC}") = "ScreenShotter", "ScreenShotter\ScreenShotter.csproj", "{B13AB4BA-16B3-4CBC-A17A-5FA5F56798CF}"
EndProject
Global
	GlobalSection(SolutionConfigurationPlatforms) = preSolution
		Debug|Any CPU = Debug|Any CPU
		Release|Any CPU = Release|Any CPU
	EndGlobalSection
	GlobalSection(ProjectConfigurationPlatforms) = postSolution
		{B13AB4BA-16B3-4CBC-A17A-5FA5F56798CF}.Debug|Any CPU.ActiveCfg = Debug|Any CPU
		{B13AB4BA-16B3-4CBC-A17A-5FA5F56798CF}.Debug|Any CPU.Build.0 = Debug|Any CPU
		{B13AB4BA-16B3-4CBC-A17A-5FA5F56798CF}.Release|Any CPU.ActiveCfg = Release|Any CPU
		{B13AB4BA-16B3-4CBC-A17A-5FA5F56798CF}.Release|Any CPU.Build.0 = Release|Any CPU
	EndGlobalSection
	GlobalSection(SolutionProperties) = preSolution
		HideSolutionNode = FALSE
	EndGlobalSection
	GlobalSection(ExtensibilityGlobals) = postSolution
		SolutionGuid = {F4262AAC-8CA7-4A88-9893-1ACD4FDF9405}
	EndGlobalSection
EndGlobal
